
Microsoft Visual Studio Solution File, Format Version 12.00
# Visual Studio 2012
Project("{FAE04EC0-301F-11D3-BF4B-00C04F79EFBC}") = "POGraf", "POGraf\POGraf.csproj", "{80E079A5-240C-41EB-B6F5-A285E7DEB0F6}"
EndProject
Project("{FAE04EC0-301F-11D3-BF4B-00C04F79EFBC}") = "Core", "Core\Core.csproj", "{872DD975-2BBD-45C0-A8E7-9D272091F3A9}"
EndProject
Project("{FAE04EC0-301F-11D3-BF4B-00C04F79EFBC}") = "Loader", "Loader\Loader.csproj", "{18B4DE06-67CA-482B-A52B-F89C3A6E883A}"
EndProject
Project("{FAE04EC0-301F-11D3-BF4B-00C04F79EFBC}") = "Log", "Log\Log.csproj", "{6663CC9D-C1E2-4F6A-9BA7-5BAB50B07EEA}"
EndProject
Project("{FAE04EC0-301F-11D3-BF4B-00C04F79EFBC}") = "Presenter", "Presenter\Presenter.csproj", "{74472EFE-95F7-4A0B-B37A-EF70DE3465E0}"
EndProject
Project("{FAE04EC0-301F-11D3-BF4B-00C04F79EFBC}") = "Solver", "Solver\Solver.csproj", "{1E7747E4-4FC3-47FB-8C3B-1630822E0450}"
EndProject
Project("{FAE04EC0-301F-11D3-BF4B-00C04F79EFBC}") = "UnitTest", "UnitTest\UnitTest.csproj", "{6B3B83A3-5757-4BB9-9091-1833035ED9D3}"
EndProject
Global
	GlobalSection(SolutionConfigurationPlatforms) = preSolution
		Debug|Any CPU = Debug|Any CPU
		Release|Any CPU = Release|Any CPU
	EndGlobalSection
	GlobalSection(ProjectConfigurationPlatforms) = postSolution
		{80E079A5-240C-41EB-B6F5-A285E7DEB0F6}.Debug|Any CPU.ActiveCfg = Debug|Any CPU
		{80E079A5-240C-41EB-B6F5-A285E7DEB0F6}.Debug|Any CPU.Build.0 = Debug|Any CPU
		{80E079A5-240C-41EB-B6F5-A285E7DEB0F6}.Release|Any CPU.ActiveCfg = Release|Any CPU
		{80E079A5-240C-41EB-B6F5-A285E7DEB0F6}.Release|Any CPU.Build.0 = Release|Any CPU
		{872DD975-2BBD-45C0-A8E7-9D272091F3A9}.Debug|Any CPU.ActiveCfg = Debug|Any CPU
		{872DD975-2BBD-45C0-A8E7-9D272091F3A9}.Debug|Any CPU.Build.0 = Debug|Any CPU
		{872DD975-2BBD-45C0-A8E7-9D272091F3A9}.Release|Any CPU.ActiveCfg = Release|Any CPU
		{872DD975-2BBD-45C0-A8E7-9D272091F3A9}.Release|Any CPU.Build.0 = Release|Any CPU
		{18B4DE06-67CA-482B-A52B-F89C3A6E883A}.Debug|Any CPU.ActiveCfg = Debug|Any CPU
		{18B4DE06-67CA-482B-A52B-F89C3A6E883A}.Debug|Any CPU.Build.0 = Debug|Any CPU
		{18B4DE06-67CA-482B-A52B-F89C3A6E883A}.Release|Any CPU.ActiveCfg = Release|Any CPU
		{18B4DE06-67CA-482B-A52B-F89C3A6E883A}.Release|Any CPU.Build.0 = Release|Any CPU
		{6663CC9D-C1E2-4F6A-9BA7-5BAB50B07EEA}.Debug|Any CPU.ActiveCfg = Debug|Any CPU
		{6663CC9D-C1E2-4F6A-9BA7-5BAB50B07EEA}.Debug|Any CPU.Build.0 = Debug|Any CPU
		{6663CC9D-C1E2-4F6A-9BA7-5BAB50B07EEA}.Release|Any CPU.ActiveCfg = Release|Any CPU
		{6663CC9D-C1E2-4F6A-9BA7-5BAB50B07EEA}.Release|Any CPU.Build.0 = Release|Any CPU
		{74472EFE-95F7-4A0B-B37A-EF70DE3465E0}.Debug|Any CPU.ActiveCfg = Debug|Any CPU
		{74472EFE-95F7-4A0B-B37A-EF70DE3465E0}.Debug|Any CPU.Build.0 = Debug|Any CPU
		{74472EFE-95F7-4A0B-B37A-EF70DE3465E0}.Release|Any CPU.ActiveCfg = Release|Any CPU
		{74472EFE-95F7-4A0B-B37A-EF70DE3465E0}.Release|Any CPU.Build.0 = Release|Any CPU
		{1E7747E4-4FC3-47FB-8C3B-1630822E0450}.Debug|Any CPU.ActiveCfg = Debug|Any CPU
		{1E7747E4-4FC3-47FB-8C3B-1630822E0450}.Debug|Any CPU.Build.0 = Debug|Any CPU
		{1E7747E4-4FC3-47FB-8C3B-1630822E0450}.Release|Any CPU.ActiveCfg = Release|Any CPU
		{1E7747E4-4FC3-47FB-8C3B-1630822E0450}.Release|Any CPU.Build.0 = Release|Any CPU
		{6B3B83A3-5757-4BB9-9091-1833035ED9D3}.Debug|Any CPU.ActiveCfg = Debug|Any CPU
		{6B3B83A3-5757-4BB9-9091-1833035ED9D3}.Debug|Any CPU.Build.0 = Debug|Any CPU
		{6B3B83A3-5757-4BB9-9091-1833035ED9D3}.Release|Any CPU.ActiveCfg = Release|Any CPU
		{6B3B83A3-5757-4BB9-9091-1833035ED9D3}.Release|Any CPU.Build.0 = Release|Any CPU
	EndGlobalSection
	GlobalSection(SolutionProperties) = preSolution
		HideSolutionNode = FALSE
	EndGlobalSection
EndGlobal
